
Microsoft Visual Studio Solution File, Format Version 12.00
# Visual Studio Version 16
VisualStudioVersion = 16.0.32802.440
MinimumVisualStudioVersion = 10.0.40219.1
Project("{FAE04EC0-301F-11D3-BF4B-00C04F79EFBC}") = "AbstractClasses", "AbstractClasses\AbstractClasses.csproj", "{57FD0F7C-E7F1-42B1-BD10-828B5A7F5DFF}"
EndProject
Global
	GlobalSection(SolutionConfigurationPlatforms) = preSolution
		Debug|Any CPU = Debug|Any CPU
		Release|Any CPU = Release|Any CPU
	EndGlobalSection
	GlobalSection(ProjectConfigurationPlatforms) = postSolution
		{57FD0F7C-E7F1-42B1-BD10-828B5A7F5DFF}.Debug|Any CPU.ActiveCfg = Debug|Any CPU
		{57FD0F7C-E7F1-42B1-BD10-828B5A7F5DFF}.Debug|Any CPU.Build.0 = Debug|Any CPU
		{57FD0F7C-E7F1-42B1-BD10-828B5A7F5DFF}.Release|Any CPU.ActiveCfg = Release|Any CPU
		{57FD0F7C-E7F1-42B1-BD10-828B5A7F5DFF}.Release|Any CPU.Build.0 = Release|Any CPU
	EndGlobalSection
	GlobalSection(SolutionProperties) = preSolution
		HideSolutionNode = FALSE
	EndGlobalSection
	GlobalSection(ExtensibilityGlobals) = postSolution
		SolutionGuid = {B5CB03FB-F885-4C26-A4DB-E56D6C4432D2}
	EndGlobalSection
EndGlobal
