
Microsoft Visual Studio Solution File, Format Version 12.00
# Visual Studio Version 16
VisualStudioVersion = 16.0.32802.440
MinimumVisualStudioVersion = 10.0.40219.1
Project("{FAE04EC0-301F-11D3-BF4B-00C04F79EFBC}") = "ExceptionAssignment", "ExceptionAssignment\ExceptionAssignment.csproj", "{650F3E8C-2915-4973-A3B4-793A6AAC6E01}"
EndProject
Global
	GlobalSection(SolutionConfigurationPlatforms) = preSolution
		Debug|Any CPU = Debug|Any CPU
		Release|Any CPU = Release|Any CPU
	EndGlobalSection
	GlobalSection(ProjectConfigurationPlatforms) = postSolution
		{650F3E8C-2915-4973-A3B4-793A6AAC6E01}.Debug|Any CPU.ActiveCfg = Debug|Any CPU
		{650F3E8C-2915-4973-A3B4-793A6AAC6E01}.Debug|Any CPU.Build.0 = Debug|Any CPU
		{650F3E8C-2915-4973-A3B4-793A6AAC6E01}.Release|Any CPU.ActiveCfg = Release|Any CPU
		{650F3E8C-2915-4973-A3B4-793A6AAC6E01}.Release|Any CPU.Build.0 = Release|Any CPU
	EndGlobalSection
	GlobalSection(SolutionProperties) = preSolution
		HideSolutionNode = FALSE
	EndGlobalSection
	GlobalSection(ExtensibilityGlobals) = postSolution
		SolutionGuid = {A1842FFE-EAED-454D-AF56-A6506ED0419E}
	EndGlobalSection
EndGlobal
